
Microsoft Visual Studio Solution File, Format Version 12.00
# Visual Studio Version 17
VisualStudioVersion = 17.3.32825.248
MinimumVisualStudioVersion = 10.0.40219.1
Project("{FAE04EC0-301F-11D3-BF4B-00C04F79EFBC}") = "тортик", "тортик\тортик.csproj", "{2FC275AF-9A2C-46CC-A624-A4436232ECBE}"
EndProject
Global
	GlobalSection(SolutionConfigurationPlatforms) = preSolution
		Debug|Any CPU = Debug|Any CPU
		Release|Any CPU = Release|Any CPU
	EndGlobalSection
	GlobalSection(ProjectConfigurationPlatforms) = postSolution
		{2FC275AF-9A2C-46CC-A624-A4436232ECBE}.Debug|Any CPU.ActiveCfg = Debug|Any CPU
		{2FC275AF-9A2C-46CC-A624-A4436232ECBE}.Debug|Any CPU.Build.0 = Debug|Any CPU
		{2FC275AF-9A2C-46CC-A624-A4436232ECBE}.Release|Any CPU.ActiveCfg = Release|Any CPU
		{2FC275AF-9A2C-46CC-A624-A4436232ECBE}.Release|Any CPU.Build.0 = Release|Any CPU
	EndGlobalSection
	GlobalSection(SolutionProperties) = preSolution
		HideSolutionNode = FALSE
	EndGlobalSection
	GlobalSection(ExtensibilityGlobals) = postSolution
		SolutionGuid = {28423498-391F-4F23-A925-B7C9B3769E2F}
	EndGlobalSection
EndGlobal
